
Microsoft Visual Studio Solution File, Format Version 12.00
# Visual Studio Version 17
VisualStudioVersion = 17.3.32929.385
MinimumVisualStudioVersion = 10.0.40219.1
Project("{8BC9CEB8-8B4A-11D0-8D11-00A0C91BC942}") = "01_Intro", "01_Intro\01_Intro.vcxproj", "{925005F5-5814-4F91-9B65-9F56EC1ACEA4}"
EndProject
Project("{8BC9CEB8-8B4A-11D0-8D11-00A0C91BC942}") = "02_Constructor_Destructor", "02_Constructor_Destructor\02_Constructor_Destructor.vcxproj", "{624FD2DE-C2CC-4DD2-9C5F-B4BCF1E99090}"
EndProject
Global
	GlobalSection(SolutionConfigurationPlatforms) = preSolution
		Debug|x64 = Debug|x64
		Debug|x86 = Debug|x86
		Release|x64 = Release|x64
		Release|x86 = Release|x86
	EndGlobalSection
	GlobalSection(ProjectConfigurationPlatforms) = postSolution
		{925005F5-5814-4F91-9B65-9F56EC1ACEA4}.Debug|x64.ActiveCfg = Debug|x64
		{925005F5-5814-4F91-9B65-9F56EC1ACEA4}.Debug|x64.Build.0 = Debug|x64
		{925005F5-5814-4F91-9B65-9F56EC1ACEA4}.Debug|x86.ActiveCfg = Debug|Win32
		{925005F5-5814-4F91-9B65-9F56EC1ACEA4}.Debug|x86.Build.0 = Debug|Win32
		{925005F5-5814-4F91-9B65-9F56EC1ACEA4}.Release|x64.ActiveCfg = Release|x64
		{925005F5-5814-4F91-9B65-9F56EC1ACEA4}.Release|x64.Build.0 = Release|x64
		{925005F5-5814-4F91-9B65-9F56EC1ACEA4}.Release|x86.ActiveCfg = Release|Win32
		{925005F5-5814-4F91-9B65-9F56EC1ACEA4}.Release|x86.Build.0 = Release|Win32
		{624FD2DE-C2CC-4DD2-9C5F-B4BCF1E99090}.Debug|x64.ActiveCfg = Debug|x64
		{624FD2DE-C2CC-4DD2-9C5F-B4BCF1E99090}.Debug|x64.Build.0 = Debug|x64
		{624FD2DE-C2CC-4DD2-9C5F-B4BCF1E99090}.Debug|x86.ActiveCfg = Debug|Win32
		{624FD2DE-C2CC-4DD2-9C5F-B4BCF1E99090}.Debug|x86.Build.0 = Debug|Win32
		{624FD2DE-C2CC-4DD2-9C5F-B4BCF1E99090}.Release|x64.ActiveCfg = Release|x64
		{624FD2DE-C2CC-4DD2-9C5F-B4BCF1E99090}.Release|x64.Build.0 = Release|x64
		{624FD2DE-C2CC-4DD2-9C5F-B4BCF1E99090}.Release|x86.ActiveCfg = Release|Win32
		{624FD2DE-C2CC-4DD2-9C5F-B4BCF1E99090}.Release|x86.Build.0 = Release|Win32
	EndGlobalSection
	GlobalSection(SolutionProperties) = preSolution
		HideSolutionNode = FALSE
	EndGlobalSection
	GlobalSection(ExtensibilityGlobals) = postSolution
		SolutionGuid = {E12F49F2-B00D-42D7-B760-31855ED857E4}
	EndGlobalSection
EndGlobal
