
Microsoft Visual Studio Solution File, Format Version 12.00
# Visual Studio Version 17
VisualStudioVersion = 17.3.32929.385
MinimumVisualStudioVersion = 10.0.40219.1
Project("{8BC9CEB8-8B4A-11D0-8D11-00A0C91BC942}") = "01_Intro", "01_Intro\01_Intro.vcxproj", "{925005F5-5814-4F91-9B65-9F56EC1ACEA4}"
EndProject
Project("{8BC9CEB8-8B4A-11D0-8D11-00A0C91BC942}") = "02_Constructor_Destructor", "02_Constructor_Destructor\02_Constructor_Destructor.vcxproj", "{624FD2DE-C2CC-4DD2-9C5F-B4BCF1E99090}"
EndProject
Project("{8BC9CEB8-8B4A-11D0-8D11-00A0C91BC942}") = "03_RectagleProject", "03_RectagleProject\03_RectagleProject.vcxproj", "{7D7A31FD-73A0-4117-AF84-10E9EF76C998}"
EndProject
Project("{8BC9CEB8-8B4A-11D0-8D11-00A0C91BC942}") = "04_Initialization", "04_Initialization\04_Initialization.vcxproj", "{48F67813-6CC1-4032-800D-247F7459EC5B}"
EndProject
Project("{8BC9CEB8-8B4A-11D0-8D11-00A0C91BC942}") = "05_CopyConstructor", "05_CopyConstructor\05_CopyConstructor.vcxproj", "{0528F5D4-9261-4488-8BD1-FF40CDEBF78F}"
EndProject
Project("{8BC9CEB8-8B4A-11D0-8D11-00A0C91BC942}") = "06_Train", "06_Train\06_Train.vcxproj", "{6B16129D-E230-450F-BC64-76B501C4E5FC}"
EndProject
Project("{8BC9CEB8-8B4A-11D0-8D11-00A0C91BC942}") = "07_InlineMethodStaticDelegateCtor", "07_InlineMethodStaticDelegateCtor\07_InlineMethodStaticDelegateCtor.vcxproj", "{F421BF09-C1E5-461C-ACA7-989426EBD4E0}"
EndProject
Project("{8BC9CEB8-8B4A-11D0-8D11-00A0C91BC942}") = "08_PointersNewDelete", "08_PointersNewDelete\08_PointersNewDelete.vcxproj", "{17328E27-0FE4-45A5-AA79-3EEBE4F05294}"
EndProject
Project("{8BC9CEB8-8B4A-11D0-8D11-00A0C91BC942}") = "09_ConstExplicit", "09_ConstExplicit\09_ConstExplicit.vcxproj", "{A441EFCF-19A5-45D3-B764-4C8D2A37FD2E}"
EndProject
Project("{8BC9CEB8-8B4A-11D0-8D11-00A0C91BC942}") = "10_OverloadsOperator", "10_OverloadsOperator\10_OverloadsOperator.vcxproj", "{315779AD-A8A8-4CC2-A95D-BE8E4D1DA787}"
EndProject
Project("{8BC9CEB8-8B4A-11D0-8D11-00A0C91BC942}") = "11_PhoneBook", "11_PhoneBook\11_PhoneBook.vcxproj", "{E4FDD576-3A39-4C4B-9D0B-9E1A5EAE8E33}"
EndProject
Project("{8BC9CEB8-8B4A-11D0-8D11-00A0C91BC942}") = "12_OverloadTypes", "12_OverloadTypes\12_OverloadTypes.vcxproj", "{6EBE531A-7E2B-4EE3-8CAB-452D89ABDC40}"
EndProject
Project("{8BC9CEB8-8B4A-11D0-8D11-00A0C91BC942}") = "13_LibraryMoveCtor", "13_LibraryMoveCtor\13_LibraryMoveCtor.vcxproj", "{051902D1-CD1F-44E7-BDFD-F41DEF8272D8}"
EndProject
Project("{8BC9CEB8-8B4A-11D0-8D11-00A0C91BC942}") = "14_TemplateClassInitializerList", "14_TemplateClassInitializerList\14_TemplateClassInitializerList.vcxproj", "{3E077357-DE2A-4CD7-9FBB-E5B072147751}"
EndProject
Project("{8BC9CEB8-8B4A-11D0-8D11-00A0C91BC942}") = "15_Stack", "15_Stack\15_Stack.vcxproj", "{D2A5D80E-D053-4007-A41A-9094A5ED4C4E}"
EndProject
Project("{8BC9CEB8-8B4A-11D0-8D11-00A0C91BC942}") = "16_Queue", "06_Queue\06_Queue.vcxproj", "{0C9807C5-F720-4C22-9404-A9B76EE9563F}"
EndProject
Project("{8BC9CEB8-8B4A-11D0-8D11-00A0C91BC942}") = "17_QueueWithPriority", "17_QueueWithPriority\17_QueueWithPriority.vcxproj", "{2FEEF739-81C6-441C-8A05-D814F888175A}"
EndProject
Project("{8BC9CEB8-8B4A-11D0-8D11-00A0C91BC942}") = "18_SingleLinkedList", "18_SingleLinkedList\18_SingleLinkedList.vcxproj", "{1EB21978-8BBF-448D-B129-96A2110D187E}"
EndProject
Project("{8BC9CEB8-8B4A-11D0-8D11-00A0C91BC942}") = "19_DoubleLinkedList", "19_DoubleLinkedList\19_DoubleLinkedList.vcxproj", "{B5636013-0C1B-4B6A-9853-C054898224D2}"
EndProject
Project("{8BC9CEB8-8B4A-11D0-8D11-00A0C91BC942}") = "20_Inheritance", "20_Inheritance\20_Inheritance.vcxproj", "{A913FBF1-4FFA-44D9-AFDE-844C8E636584}"
EndProject
Project("{8BC9CEB8-8B4A-11D0-8D11-00A0C91BC942}") = "21_InheritancePolymorphism", "21_InheritancePolymorphism\21_InheritancePolymorphism.vcxproj", "{4D2922A4-2F9E-4852-A787-A1AD418437DF}"
EndProject
Project("{8BC9CEB8-8B4A-11D0-8D11-00A0C91BC942}") = "22_AbstractClass", "22_AbstractClass\22_AbstractClass.vcxproj", "{D3E3A753-866B-4B27-8871-8C96902818B5}"
EndProject
Project("{8BC9CEB8-8B4A-11D0-8D11-00A0C91BC942}") = "23_VirtualDestructor", "23_VirtualDestructor\23_VirtualDestructor.vcxproj", "{E96F39EC-5EA6-49FF-8291-B37DF347E889}"
EndProject
Project("{8BC9CEB8-8B4A-11D0-8D11-00A0C91BC942}") = "24_MultiInheritance", "24_MultiInheritance\24_MultiInheritance.vcxproj", "{4760316C-17AE-492F-BACA-0E8F9F79D84C}"
EndProject
Global
	GlobalSection(SolutionConfigurationPlatforms) = preSolution
		Debug|x64 = Debug|x64
		Debug|x86 = Debug|x86
		Release|x64 = Release|x64
		Release|x86 = Release|x86
	EndGlobalSection
	GlobalSection(ProjectConfigurationPlatforms) = postSolution
		{925005F5-5814-4F91-9B65-9F56EC1ACEA4}.Debug|x64.ActiveCfg = Debug|x64
		{925005F5-5814-4F91-9B65-9F56EC1ACEA4}.Debug|x64.Build.0 = Debug|x64
		{925005F5-5814-4F91-9B65-9F56EC1ACEA4}.Debug|x86.ActiveCfg = Debug|Win32
		{925005F5-5814-4F91-9B65-9F56EC1ACEA4}.Debug|x86.Build.0 = Debug|Win32
		{925005F5-5814-4F91-9B65-9F56EC1ACEA4}.Release|x64.ActiveCfg = Release|x64
		{925005F5-5814-4F91-9B65-9F56EC1ACEA4}.Release|x64.Build.0 = Release|x64
		{925005F5-5814-4F91-9B65-9F56EC1ACEA4}.Release|x86.ActiveCfg = Release|Win32
		{925005F5-5814-4F91-9B65-9F56EC1ACEA4}.Release|x86.Build.0 = Release|Win32
		{624FD2DE-C2CC-4DD2-9C5F-B4BCF1E99090}.Debug|x64.ActiveCfg = Debug|x64
		{624FD2DE-C2CC-4DD2-9C5F-B4BCF1E99090}.Debug|x64.Build.0 = Debug|x64
		{624FD2DE-C2CC-4DD2-9C5F-B4BCF1E99090}.Debug|x86.ActiveCfg = Debug|Win32
		{624FD2DE-C2CC-4DD2-9C5F-B4BCF1E99090}.Debug|x86.Build.0 = Debug|Win32
		{624FD2DE-C2CC-4DD2-9C5F-B4BCF1E99090}.Release|x64.ActiveCfg = Release|x64
		{624FD2DE-C2CC-4DD2-9C5F-B4BCF1E99090}.Release|x64.Build.0 = Release|x64
		{624FD2DE-C2CC-4DD2-9C5F-B4BCF1E99090}.Release|x86.ActiveCfg = Release|Win32
		{624FD2DE-C2CC-4DD2-9C5F-B4BCF1E99090}.Release|x86.Build.0 = Release|Win32
		{7D7A31FD-73A0-4117-AF84-10E9EF76C998}.Debug|x64.ActiveCfg = Debug|x64
		{7D7A31FD-73A0-4117-AF84-10E9EF76C998}.Debug|x64.Build.0 = Debug|x64
		{7D7A31FD-73A0-4117-AF84-10E9EF76C998}.Debug|x86.ActiveCfg = Debug|Win32
		{7D7A31FD-73A0-4117-AF84-10E9EF76C998}.Debug|x86.Build.0 = Debug|Win32
		{7D7A31FD-73A0-4117-AF84-10E9EF76C998}.Release|x64.ActiveCfg = Release|x64
		{7D7A31FD-73A0-4117-AF84-10E9EF76C998}.Release|x64.Build.0 = Release|x64
		{7D7A31FD-73A0-4117-AF84-10E9EF76C998}.Release|x86.ActiveCfg = Release|Win32
		{7D7A31FD-73A0-4117-AF84-10E9EF76C998}.Release|x86.Build.0 = Release|Win32
		{48F67813-6CC1-4032-800D-247F7459EC5B}.Debug|x64.ActiveCfg = Debug|x64
		{48F67813-6CC1-4032-800D-247F7459EC5B}.Debug|x64.Build.0 = Debug|x64
		{48F67813-6CC1-4032-800D-247F7459EC5B}.Debug|x86.ActiveCfg = Debug|Win32
		{48F67813-6CC1-4032-800D-247F7459EC5B}.Debug|x86.Build.0 = Debug|Win32
		{48F67813-6CC1-4032-800D-247F7459EC5B}.Release|x64.ActiveCfg = Release|x64
		{48F67813-6CC1-4032-800D-247F7459EC5B}.Release|x64.Build.0 = Release|x64
		{48F67813-6CC1-4032-800D-247F7459EC5B}.Release|x86.ActiveCfg = Release|Win32
		{48F67813-6CC1-4032-800D-247F7459EC5B}.Release|x86.Build.0 = Release|Win32
		{0528F5D4-9261-4488-8BD1-FF40CDEBF78F}.Debug|x64.ActiveCfg = Debug|x64
		{0528F5D4-9261-4488-8BD1-FF40CDEBF78F}.Debug|x64.Build.0 = Debug|x64
		{0528F5D4-9261-4488-8BD1-FF40CDEBF78F}.Debug|x86.ActiveCfg = Debug|Win32
		{0528F5D4-9261-4488-8BD1-FF40CDEBF78F}.Debug|x86.Build.0 = Debug|Win32
		{0528F5D4-9261-4488-8BD1-FF40CDEBF78F}.Release|x64.ActiveCfg = Release|x64
		{0528F5D4-9261-4488-8BD1-FF40CDEBF78F}.Release|x64.Build.0 = Release|x64
		{0528F5D4-9261-4488-8BD1-FF40CDEBF78F}.Release|x86.ActiveCfg = Release|Win32
		{0528F5D4-9261-4488-8BD1-FF40CDEBF78F}.Release|x86.Build.0 = Release|Win32
		{6B16129D-E230-450F-BC64-76B501C4E5FC}.Debug|x64.ActiveCfg = Debug|x64
		{6B16129D-E230-450F-BC64-76B501C4E5FC}.Debug|x64.Build.0 = Debug|x64
		{6B16129D-E230-450F-BC64-76B501C4E5FC}.Debug|x86.ActiveCfg = Debug|Win32
		{6B16129D-E230-450F-BC64-76B501C4E5FC}.Debug|x86.Build.0 = Debug|Win32
		{6B16129D-E230-450F-BC64-76B501C4E5FC}.Release|x64.ActiveCfg = Release|x64
		{6B16129D-E230-450F-BC64-76B501C4E5FC}.Release|x64.Build.0 = Release|x64
		{6B16129D-E230-450F-BC64-76B501C4E5FC}.Release|x86.ActiveCfg = Release|Win32
		{6B16129D-E230-450F-BC64-76B501C4E5FC}.Release|x86.Build.0 = Release|Win32
		{F421BF09-C1E5-461C-ACA7-989426EBD4E0}.Debug|x64.ActiveCfg = Debug|x64
		{F421BF09-C1E5-461C-ACA7-989426EBD4E0}.Debug|x64.Build.0 = Debug|x64
		{F421BF09-C1E5-461C-ACA7-989426EBD4E0}.Debug|x86.ActiveCfg = Debug|Win32
		{F421BF09-C1E5-461C-ACA7-989426EBD4E0}.Debug|x86.Build.0 = Debug|Win32
		{F421BF09-C1E5-461C-ACA7-989426EBD4E0}.Release|x64.ActiveCfg = Release|x64
		{F421BF09-C1E5-461C-ACA7-989426EBD4E0}.Release|x64.Build.0 = Release|x64
		{F421BF09-C1E5-461C-ACA7-989426EBD4E0}.Release|x86.ActiveCfg = Release|Win32
		{F421BF09-C1E5-461C-ACA7-989426EBD4E0}.Release|x86.Build.0 = Release|Win32
		{17328E27-0FE4-45A5-AA79-3EEBE4F05294}.Debug|x64.ActiveCfg = Debug|x64
		{17328E27-0FE4-45A5-AA79-3EEBE4F05294}.Debug|x64.Build.0 = Debug|x64
		{17328E27-0FE4-45A5-AA79-3EEBE4F05294}.Debug|x86.ActiveCfg = Debug|Win32
		{17328E27-0FE4-45A5-AA79-3EEBE4F05294}.Debug|x86.Build.0 = Debug|Win32
		{17328E27-0FE4-45A5-AA79-3EEBE4F05294}.Release|x64.ActiveCfg = Release|x64
		{17328E27-0FE4-45A5-AA79-3EEBE4F05294}.Release|x64.Build.0 = Release|x64
		{17328E27-0FE4-45A5-AA79-3EEBE4F05294}.Release|x86.ActiveCfg = Release|Win32
		{17328E27-0FE4-45A5-AA79-3EEBE4F05294}.Release|x86.Build.0 = Release|Win32
		{A441EFCF-19A5-45D3-B764-4C8D2A37FD2E}.Debug|x64.ActiveCfg = Debug|x64
		{A441EFCF-19A5-45D3-B764-4C8D2A37FD2E}.Debug|x64.Build.0 = Debug|x64
		{A441EFCF-19A5-45D3-B764-4C8D2A37FD2E}.Debug|x86.ActiveCfg = Debug|Win32
		{A441EFCF-19A5-45D3-B764-4C8D2A37FD2E}.Debug|x86.Build.0 = Debug|Win32
		{A441EFCF-19A5-45D3-B764-4C8D2A37FD2E}.Release|x64.ActiveCfg = Release|x64
		{A441EFCF-19A5-45D3-B764-4C8D2A37FD2E}.Release|x64.Build.0 = Release|x64
		{A441EFCF-19A5-45D3-B764-4C8D2A37FD2E}.Release|x86.ActiveCfg = Release|Win32
		{A441EFCF-19A5-45D3-B764-4C8D2A37FD2E}.Release|x86.Build.0 = Release|Win32
		{315779AD-A8A8-4CC2-A95D-BE8E4D1DA787}.Debug|x64.ActiveCfg = Debug|x64
		{315779AD-A8A8-4CC2-A95D-BE8E4D1DA787}.Debug|x64.Build.0 = Debug|x64
		{315779AD-A8A8-4CC2-A95D-BE8E4D1DA787}.Debug|x86.ActiveCfg = Debug|Win32
		{315779AD-A8A8-4CC2-A95D-BE8E4D1DA787}.Debug|x86.Build.0 = Debug|Win32
		{315779AD-A8A8-4CC2-A95D-BE8E4D1DA787}.Release|x64.ActiveCfg = Release|x64
		{315779AD-A8A8-4CC2-A95D-BE8E4D1DA787}.Release|x64.Build.0 = Release|x64
		{315779AD-A8A8-4CC2-A95D-BE8E4D1DA787}.Release|x86.ActiveCfg = Release|Win32
		{315779AD-A8A8-4CC2-A95D-BE8E4D1DA787}.Release|x86.Build.0 = Release|Win32
		{E4FDD576-3A39-4C4B-9D0B-9E1A5EAE8E33}.Debug|x64.ActiveCfg = Debug|x64
		{E4FDD576-3A39-4C4B-9D0B-9E1A5EAE8E33}.Debug|x64.Build.0 = Debug|x64
		{E4FDD576-3A39-4C4B-9D0B-9E1A5EAE8E33}.Debug|x86.ActiveCfg = Debug|Win32
		{E4FDD576-3A39-4C4B-9D0B-9E1A5EAE8E33}.Debug|x86.Build.0 = Debug|Win32
		{E4FDD576-3A39-4C4B-9D0B-9E1A5EAE8E33}.Release|x64.ActiveCfg = Release|x64
		{E4FDD576-3A39-4C4B-9D0B-9E1A5EAE8E33}.Release|x64.Build.0 = Release|x64
		{E4FDD576-3A39-4C4B-9D0B-9E1A5EAE8E33}.Release|x86.ActiveCfg = Release|Win32
		{E4FDD576-3A39-4C4B-9D0B-9E1A5EAE8E33}.Release|x86.Build.0 = Release|Win32
		{6EBE531A-7E2B-4EE3-8CAB-452D89ABDC40}.Debug|x64.ActiveCfg = Debug|x64
		{6EBE531A-7E2B-4EE3-8CAB-452D89ABDC40}.Debug|x64.Build.0 = Debug|x64
		{6EBE531A-7E2B-4EE3-8CAB-452D89ABDC40}.Debug|x86.ActiveCfg = Debug|Win32
		{6EBE531A-7E2B-4EE3-8CAB-452D89ABDC40}.Debug|x86.Build.0 = Debug|Win32
		{6EBE531A-7E2B-4EE3-8CAB-452D89ABDC40}.Release|x64.ActiveCfg = Release|x64
		{6EBE531A-7E2B-4EE3-8CAB-452D89ABDC40}.Release|x64.Build.0 = Release|x64
		{6EBE531A-7E2B-4EE3-8CAB-452D89ABDC40}.Release|x86.ActiveCfg = Release|Win32
		{6EBE531A-7E2B-4EE3-8CAB-452D89ABDC40}.Release|x86.Build.0 = Release|Win32
		{051902D1-CD1F-44E7-BDFD-F41DEF8272D8}.Debug|x64.ActiveCfg = Debug|x64
		{051902D1-CD1F-44E7-BDFD-F41DEF8272D8}.Debug|x64.Build.0 = Debug|x64
		{051902D1-CD1F-44E7-BDFD-F41DEF8272D8}.Debug|x86.ActiveCfg = Debug|Win32
		{051902D1-CD1F-44E7-BDFD-F41DEF8272D8}.Debug|x86.Build.0 = Debug|Win32
		{051902D1-CD1F-44E7-BDFD-F41DEF8272D8}.Release|x64.ActiveCfg = Release|x64
		{051902D1-CD1F-44E7-BDFD-F41DEF8272D8}.Release|x64.Build.0 = Release|x64
		{051902D1-CD1F-44E7-BDFD-F41DEF8272D8}.Release|x86.ActiveCfg = Release|Win32
		{051902D1-CD1F-44E7-BDFD-F41DEF8272D8}.Release|x86.Build.0 = Release|Win32
		{3E077357-DE2A-4CD7-9FBB-E5B072147751}.Debug|x64.ActiveCfg = Debug|x64
		{3E077357-DE2A-4CD7-9FBB-E5B072147751}.Debug|x64.Build.0 = Debug|x64
		{3E077357-DE2A-4CD7-9FBB-E5B072147751}.Debug|x86.ActiveCfg = Debug|Win32
		{3E077357-DE2A-4CD7-9FBB-E5B072147751}.Debug|x86.Build.0 = Debug|Win32
		{3E077357-DE2A-4CD7-9FBB-E5B072147751}.Release|x64.ActiveCfg = Release|x64
		{3E077357-DE2A-4CD7-9FBB-E5B072147751}.Release|x64.Build.0 = Release|x64
		{3E077357-DE2A-4CD7-9FBB-E5B072147751}.Release|x86.ActiveCfg = Release|Win32
		{3E077357-DE2A-4CD7-9FBB-E5B072147751}.Release|x86.Build.0 = Release|Win32
		{D2A5D80E-D053-4007-A41A-9094A5ED4C4E}.Debug|x64.ActiveCfg = Debug|x64
		{D2A5D80E-D053-4007-A41A-9094A5ED4C4E}.Debug|x64.Build.0 = Debug|x64
		{D2A5D80E-D053-4007-A41A-9094A5ED4C4E}.Debug|x86.ActiveCfg = Debug|Win32
		{D2A5D80E-D053-4007-A41A-9094A5ED4C4E}.Debug|x86.Build.0 = Debug|Win32
		{D2A5D80E-D053-4007-A41A-9094A5ED4C4E}.Release|x64.ActiveCfg = Release|x64
		{D2A5D80E-D053-4007-A41A-9094A5ED4C4E}.Release|x64.Build.0 = Release|x64
		{D2A5D80E-D053-4007-A41A-9094A5ED4C4E}.Release|x86.ActiveCfg = Release|Win32
		{D2A5D80E-D053-4007-A41A-9094A5ED4C4E}.Release|x86.Build.0 = Release|Win32
		{0C9807C5-F720-4C22-9404-A9B76EE9563F}.Debug|x64.ActiveCfg = Debug|x64
		{0C9807C5-F720-4C22-9404-A9B76EE9563F}.Debug|x64.Build.0 = Debug|x64
		{0C9807C5-F720-4C22-9404-A9B76EE9563F}.Debug|x86.ActiveCfg = Debug|Win32
		{0C9807C5-F720-4C22-9404-A9B76EE9563F}.Debug|x86.Build.0 = Debug|Win32
		{0C9807C5-F720-4C22-9404-A9B76EE9563F}.Release|x64.ActiveCfg = Release|x64
		{0C9807C5-F720-4C22-9404-A9B76EE9563F}.Release|x64.Build.0 = Release|x64
		{0C9807C5-F720-4C22-9404-A9B76EE9563F}.Release|x86.ActiveCfg = Release|Win32
		{0C9807C5-F720-4C22-9404-A9B76EE9563F}.Release|x86.Build.0 = Release|Win32
		{2FEEF739-81C6-441C-8A05-D814F888175A}.Debug|x64.ActiveCfg = Debug|x64
		{2FEEF739-81C6-441C-8A05-D814F888175A}.Debug|x64.Build.0 = Debug|x64
		{2FEEF739-81C6-441C-8A05-D814F888175A}.Debug|x86.ActiveCfg = Debug|Win32
		{2FEEF739-81C6-441C-8A05-D814F888175A}.Debug|x86.Build.0 = Debug|Win32
		{2FEEF739-81C6-441C-8A05-D814F888175A}.Release|x64.ActiveCfg = Release|x64
		{2FEEF739-81C6-441C-8A05-D814F888175A}.Release|x64.Build.0 = Release|x64
		{2FEEF739-81C6-441C-8A05-D814F888175A}.Release|x86.ActiveCfg = Release|Win32
		{2FEEF739-81C6-441C-8A05-D814F888175A}.Release|x86.Build.0 = Release|Win32
		{1EB21978-8BBF-448D-B129-96A2110D187E}.Debug|x64.ActiveCfg = Debug|x64
		{1EB21978-8BBF-448D-B129-96A2110D187E}.Debug|x64.Build.0 = Debug|x64
		{1EB21978-8BBF-448D-B129-96A2110D187E}.Debug|x86.ActiveCfg = Debug|Win32
		{1EB21978-8BBF-448D-B129-96A2110D187E}.Debug|x86.Build.0 = Debug|Win32
		{1EB21978-8BBF-448D-B129-96A2110D187E}.Release|x64.ActiveCfg = Release|x64
		{1EB21978-8BBF-448D-B129-96A2110D187E}.Release|x64.Build.0 = Release|x64
		{1EB21978-8BBF-448D-B129-96A2110D187E}.Release|x86.ActiveCfg = Release|Win32
		{1EB21978-8BBF-448D-B129-96A2110D187E}.Release|x86.Build.0 = Release|Win32
		{B5636013-0C1B-4B6A-9853-C054898224D2}.Debug|x64.ActiveCfg = Debug|x64
		{B5636013-0C1B-4B6A-9853-C054898224D2}.Debug|x64.Build.0 = Debug|x64
		{B5636013-0C1B-4B6A-9853-C054898224D2}.Debug|x86.ActiveCfg = Debug|Win32
		{B5636013-0C1B-4B6A-9853-C054898224D2}.Debug|x86.Build.0 = Debug|Win32
		{B5636013-0C1B-4B6A-9853-C054898224D2}.Release|x64.ActiveCfg = Release|x64
		{B5636013-0C1B-4B6A-9853-C054898224D2}.Release|x64.Build.0 = Release|x64
		{B5636013-0C1B-4B6A-9853-C054898224D2}.Release|x86.ActiveCfg = Release|Win32
		{B5636013-0C1B-4B6A-9853-C054898224D2}.Release|x86.Build.0 = Release|Win32
		{A913FBF1-4FFA-44D9-AFDE-844C8E636584}.Debug|x64.ActiveCfg = Debug|x64
		{A913FBF1-4FFA-44D9-AFDE-844C8E636584}.Debug|x64.Build.0 = Debug|x64
		{A913FBF1-4FFA-44D9-AFDE-844C8E636584}.Debug|x86.ActiveCfg = Debug|Win32
		{A913FBF1-4FFA-44D9-AFDE-844C8E636584}.Debug|x86.Build.0 = Debug|Win32
		{A913FBF1-4FFA-44D9-AFDE-844C8E636584}.Release|x64.ActiveCfg = Release|x64
		{A913FBF1-4FFA-44D9-AFDE-844C8E636584}.Release|x64.Build.0 = Release|x64
		{A913FBF1-4FFA-44D9-AFDE-844C8E636584}.Release|x86.ActiveCfg = Release|Win32
		{A913FBF1-4FFA-44D9-AFDE-844C8E636584}.Release|x86.Build.0 = Release|Win32
		{4D2922A4-2F9E-4852-A787-A1AD418437DF}.Debug|x64.ActiveCfg = Debug|x64
		{4D2922A4-2F9E-4852-A787-A1AD418437DF}.Debug|x64.Build.0 = Debug|x64
		{4D2922A4-2F9E-4852-A787-A1AD418437DF}.Debug|x86.ActiveCfg = Debug|Win32
		{4D2922A4-2F9E-4852-A787-A1AD418437DF}.Debug|x86.Build.0 = Debug|Win32
		{4D2922A4-2F9E-4852-A787-A1AD418437DF}.Release|x64.ActiveCfg = Release|x64
		{4D2922A4-2F9E-4852-A787-A1AD418437DF}.Release|x64.Build.0 = Release|x64
		{4D2922A4-2F9E-4852-A787-A1AD418437DF}.Release|x86.ActiveCfg = Release|Win32
		{4D2922A4-2F9E-4852-A787-A1AD418437DF}.Release|x86.Build.0 = Release|Win32
		{D3E3A753-866B-4B27-8871-8C96902818B5}.Debug|x64.ActiveCfg = Debug|x64
		{D3E3A753-866B-4B27-8871-8C96902818B5}.Debug|x64.Build.0 = Debug|x64
		{D3E3A753-866B-4B27-8871-8C96902818B5}.Debug|x86.ActiveCfg = Debug|Win32
		{D3E3A753-866B-4B27-8871-8C96902818B5}.Debug|x86.Build.0 = Debug|Win32
		{D3E3A753-866B-4B27-8871-8C96902818B5}.Release|x64.ActiveCfg = Release|x64
		{D3E3A753-866B-4B27-8871-8C96902818B5}.Release|x64.Build.0 = Release|x64
		{D3E3A753-866B-4B27-8871-8C96902818B5}.Release|x86.ActiveCfg = Release|Win32
		{D3E3A753-866B-4B27-8871-8C96902818B5}.Release|x86.Build.0 = Release|Win32
		{E96F39EC-5EA6-49FF-8291-B37DF347E889}.Debug|x64.ActiveCfg = Debug|x64
		{E96F39EC-5EA6-49FF-8291-B37DF347E889}.Debug|x64.Build.0 = Debug|x64
		{E96F39EC-5EA6-49FF-8291-B37DF347E889}.Debug|x86.ActiveCfg = Debug|Win32
		{E96F39EC-5EA6-49FF-8291-B37DF347E889}.Debug|x86.Build.0 = Debug|Win32
		{E96F39EC-5EA6-49FF-8291-B37DF347E889}.Release|x64.ActiveCfg = Release|x64
		{E96F39EC-5EA6-49FF-8291-B37DF347E889}.Release|x64.Build.0 = Release|x64
		{E96F39EC-5EA6-49FF-8291-B37DF347E889}.Release|x86.ActiveCfg = Release|Win32
		{E96F39EC-5EA6-49FF-8291-B37DF347E889}.Release|x86.Build.0 = Release|Win32
		{4760316C-17AE-492F-BACA-0E8F9F79D84C}.Debug|x64.ActiveCfg = Debug|x64
		{4760316C-17AE-492F-BACA-0E8F9F79D84C}.Debug|x64.Build.0 = Debug|x64
		{4760316C-17AE-492F-BACA-0E8F9F79D84C}.Debug|x86.ActiveCfg = Debug|Win32
		{4760316C-17AE-492F-BACA-0E8F9F79D84C}.Debug|x86.Build.0 = Debug|Win32
		{4760316C-17AE-492F-BACA-0E8F9F79D84C}.Release|x64.ActiveCfg = Release|x64
		{4760316C-17AE-492F-BACA-0E8F9F79D84C}.Release|x64.Build.0 = Release|x64
		{4760316C-17AE-492F-BACA-0E8F9F79D84C}.Release|x86.ActiveCfg = Release|Win32
		{4760316C-17AE-492F-BACA-0E8F9F79D84C}.Release|x86.Build.0 = Release|Win32
	EndGlobalSection
	GlobalSection(SolutionProperties) = preSolution
		HideSolutionNode = FALSE
	EndGlobalSection
	GlobalSection(ExtensibilityGlobals) = postSolution
		SolutionGuid = {E12F49F2-B00D-42D7-B760-31855ED857E4}
	EndGlobalSection
EndGlobal
